
Microsoft Visual Studio Solution File, Format Version 12.00
# Visual Studio Version 16
VisualStudioVersion = 16.0.30523.141
MinimumVisualStudioVersion = 10.0.40219.1
Project("{FAE04EC0-301F-11D3-BF4B-00C04F79EFBC}") = "Prb.ArraysRandomGetallen.WPF", "Prb.ArraysRandomGetallen.WPF\Prb.ArraysRandomGetallen.WPF.csproj", "{14D353C6-B4AE-45BF-994E-0C864F83DC29}"
EndProject
Global
	GlobalSection(SolutionConfigurationPlatforms) = preSolution
		Debug|Any CPU = Debug|Any CPU
		Release|Any CPU = Release|Any CPU
	EndGlobalSection
	GlobalSection(ProjectConfigurationPlatforms) = postSolution
		{14D353C6-B4AE-45BF-994E-0C864F83DC29}.Debug|Any CPU.ActiveCfg = Debug|Any CPU
		{14D353C6-B4AE-45BF-994E-0C864F83DC29}.Debug|Any CPU.Build.0 = Debug|Any CPU
		{14D353C6-B4AE-45BF-994E-0C864F83DC29}.Release|Any CPU.ActiveCfg = Release|Any CPU
		{14D353C6-B4AE-45BF-994E-0C864F83DC29}.Release|Any CPU.Build.0 = Release|Any CPU
	EndGlobalSection
	GlobalSection(SolutionProperties) = preSolution
		HideSolutionNode = FALSE
	EndGlobalSection
	GlobalSection(ExtensibilityGlobals) = postSolution
		SolutionGuid = {0BA5213E-46CD-4DF6-990C-AD933004FB3B}
	EndGlobalSection
EndGlobal
